// !$*UTF8*$!
{
	archiveVersion = 1;
	classes = {
	};
	objectVersion = 55;
	objects = {

/* Begin PBXBuildFile section */
		A8EEB89D27F0C0CF003C3778 /* Assets.xcassets in Resources */ = {isa = PBXBuildFile; fileRef = A8EEB89C27F0C0CF003C3778 /* Assets.xcassets */; };
		A8EEB8A027F0C0CF003C3778 /* Preview Assets.xcassets in Resources */ = {isa = PBXBuildFile; fileRef = A8EEB89F27F0C0CF003C3778 /* Preview Assets.xcassets */; };
		A8EEB8A927F0C13A003C3778 /* StandModel.swift in Sources */ = {isa = PBXBuildFile; fileRef = A8EEB8A727F0C13A003C3778 /* StandModel.swift */; };
		A8EEB8AA27F0C13A003C3778 /* TreeModel.swift in Sources */ = {isa = PBXBuildFile; fileRef = A8EEB8A827F0C13A003C3778 /* TreeModel.swift */; };
		A8EEB8B027F0C1C1003C3778 /* ApiDataService.swift in Sources */ = {isa = PBXBuildFile; fileRef = A8EEB8AD27F0C1C1003C3778 /* ApiDataService.swift */; };
		A8EEB8B727F0C1DD003C3778 /* aliases.swift in Sources */ = {isa = PBXBuildFile; fileRef = A8EEB8B427F0C1DD003C3778 /* aliases.swift */; };
		A8EEB8B827F0C1DD003C3778 /* NetworkingManager.swift in Sources */ = {isa = PBXBuildFile; fileRef = A8EEB8B527F0C1DD003C3778 /* NetworkingManager.swift */; };
		A8EEB8B927F0C1DD003C3778 /* DateParser.swift in Sources */ = {isa = PBXBuildFile; fileRef = A8EEB8B627F0C1DD003C3778 /* DateParser.swift */; };
		A8EEB8BD27F0C284003C3778 /* ButtonStyles.swift in Sources */ = {isa = PBXBuildFile; fileRef = A8EEB8BC27F0C284003C3778 /* ButtonStyles.swift */; };
		A8EEB8C027F0C566003C3778 /* DocumentPicker.swift in Sources */ = {isa = PBXBuildFile; fileRef = A8EEB8BF27F0C566003C3778 /* DocumentPicker.swift */; };
		A8EEB8C527F0C641003C3778 /* StandListView.swift in Sources */ = {isa = PBXBuildFile; fileRef = A8EEB8C327F0C641003C3778 /* StandListView.swift */; };
		A8EEB8C627F0C641003C3778 /* StandListVM.swift in Sources */ = {isa = PBXBuildFile; fileRef = A8EEB8C427F0C641003C3778 /* StandListVM.swift */; };
		A8EEB8CA27F0C69D003C3778 /* StandMasterView.swift in Sources */ = {isa = PBXBuildFile; fileRef = A8EEB8C827F0C69D003C3778 /* StandMasterView.swift */; };
		A8EEB8CB27F0C69D003C3778 /* StandMasterVM.swift in Sources */ = {isa = PBXBuildFile; fileRef = A8EEB8C927F0C69D003C3778 /* StandMasterVM.swift */; };
		A8EEB8CD27F0C785003C3778 /* TFEApp.swift in Sources */ = {isa = PBXBuildFile; fileRef = A8EEB8CC27F0C785003C3778 /* TFEApp.swift */; };
		A8EEB8D127F0C9A3003C3778 /* StandMapVM.swift in Sources */ = {isa = PBXBuildFile; fileRef = A8EEB8CF27F0C9A3003C3778 /* StandMapVM.swift */; };
		A8EEB8D227F0C9A3003C3778 /* StandMapView.swift in Sources */ = {isa = PBXBuildFile; fileRef = A8EEB8D027F0C9A3003C3778 /* StandMapView.swift */; };
/* End PBXBuildFile section */

/* Begin PBXFileReference section */
		A8EEB89527F0C0CE003C3778 /* fix.app */ = {isa = PBXFileReference; explicitFileType = wrapper.application; includeInIndex = 0; path = fix.app; sourceTree = BUILT_PRODUCTS_DIR; };
		A8EEB89C27F0C0CF003C3778 /* Assets.xcassets */ = {isa = PBXFileReference; lastKnownFileType = folder.assetcatalog; path = Assets.xcassets; sourceTree = "<group>"; };
		A8EEB89F27F0C0CF003C3778 /* Preview Assets.xcassets */ = {isa = PBXFileReference; lastKnownFileType = folder.assetcatalog; path = "Preview Assets.xcassets"; sourceTree = "<group>"; };
		A8EEB8A727F0C13A003C3778 /* StandModel.swift */ = {isa = PBXFileReference; fileEncoding = 4; lastKnownFileType = sourcecode.swift; path = StandModel.swift; sourceTree = "<group>"; };
		A8EEB8A827F0C13A003C3778 /* TreeModel.swift */ = {isa = PBXFileReference; fileEncoding = 4; lastKnownFileType = sourcecode.swift; path = TreeModel.swift; sourceTree = "<group>"; };
		A8EEB8AD27F0C1C1003C3778 /* ApiDataService.swift */ = {isa = PBXFileReference; fileEncoding = 4; lastKnownFileType = sourcecode.swift; path = ApiDataService.swift; sourceTree = "<group>"; };
		A8EEB8B427F0C1DD003C3778 /* aliases.swift */ = {isa = PBXFileReference; fileEncoding = 4; lastKnownFileType = sourcecode.swift; path = aliases.swift; sourceTree = "<group>"; };
		A8EEB8B527F0C1DD003C3778 /* NetworkingManager.swift */ = {isa = PBXFileReference; fileEncoding = 4; lastKnownFileType = sourcecode.swift; path = NetworkingManager.swift; sourceTree = "<group>"; };
		A8EEB8B627F0C1DD003C3778 /* DateParser.swift */ = {isa = PBXFileReference; fileEncoding = 4; lastKnownFileType = sourcecode.swift; path = DateParser.swift; sourceTree = "<group>"; };
		A8EEB8BC27F0C284003C3778 /* ButtonStyles.swift */ = {isa = PBXFileReference; fileEncoding = 4; lastKnownFileType = sourcecode.swift; path = ButtonStyles.swift; sourceTree = "<group>"; };
		A8EEB8BF27F0C566003C3778 /* DocumentPicker.swift */ = {isa = PBXFileReference; fileEncoding = 4; lastKnownFileType = sourcecode.swift; path = DocumentPicker.swift; sourceTree = "<group>"; };
		A8EEB8C327F0C641003C3778 /* StandListView.swift */ = {isa = PBXFileReference; fileEncoding = 4; lastKnownFileType = sourcecode.swift; path = StandListView.swift; sourceTree = "<group>"; };
		A8EEB8C427F0C641003C3778 /* StandListVM.swift */ = {isa = PBXFileReference; fileEncoding = 4; lastKnownFileType = sourcecode.swift; path = StandListVM.swift; sourceTree = "<group>"; };
		A8EEB8C827F0C69D003C3778 /* StandMasterView.swift */ = {isa = PBXFileReference; fileEncoding = 4; lastKnownFileType = sourcecode.swift; path = StandMasterView.swift; sourceTree = "<group>"; };
		A8EEB8C927F0C69D003C3778 /* StandMasterVM.swift */ = {isa = PBXFileReference; fileEncoding = 4; lastKnownFileType = sourcecode.swift; path = StandMasterVM.swift; sourceTree = "<group>"; };
		A8EEB8CC27F0C785003C3778 /* TFEApp.swift */ = {isa = PBXFileReference; fileEncoding = 4; lastKnownFileType = sourcecode.swift; path = TFEApp.swift; sourceTree = "<group>"; };
		A8EEB8CF27F0C9A3003C3778 /* StandMapVM.swift */ = {isa = PBXFileReference; fileEncoding = 4; lastKnownFileType = sourcecode.swift; path = StandMapVM.swift; sourceTree = "<group>"; };
		A8EEB8D027F0C9A3003C3778 /* StandMapView.swift */ = {isa = PBXFileReference; fileEncoding = 4; lastKnownFileType = sourcecode.swift; path = StandMapView.swift; sourceTree = "<group>"; };
/* End PBXFileReference section */

/* Begin PBXFrameworksBuildPhase section */
		A8EEB89227F0C0CE003C3778 /* Frameworks */ = {
			isa = PBXFrameworksBuildPhase;
			buildActionMask = 2147483647;
			files = (
			);
			runOnlyForDeploymentPostprocessing = 0;
		};
/* End PBXFrameworksBuildPhase section */

/* Begin PBXGroup section */
		A8EEB88C27F0C0CE003C3778 = {
			isa = PBXGroup;
			children = (
				A8EEB89727F0C0CE003C3778 /* fix */,
				A8EEB89627F0C0CE003C3778 /* Products */,
			);
			sourceTree = "<group>";
		};
		A8EEB89627F0C0CE003C3778 /* Products */ = {
			isa = PBXGroup;
			children = (
				A8EEB89527F0C0CE003C3778 /* fix.app */,
			);
			name = Products;
			sourceTree = "<group>";
		};
		A8EEB89727F0C0CE003C3778 /* fix */ = {
			isa = PBXGroup;
			children = (
				A8EEB8B327F0C1DD003C3778 /* Utils */,
				A8EEB8AB27F0C1C1003C3778 /* Services */,
				A8EEB8A627F0C13A003C3778 /* Model */,
				A8EEB8BA27F0C237003C3778 /* Views */,
				A8EEB8CC27F0C785003C3778 /* TFEApp.swift */,
				A8EEB89C27F0C0CF003C3778 /* Assets.xcassets */,
				A8EEB89E27F0C0CF003C3778 /* Preview Content */,
			);
			path = fix;
			sourceTree = "<group>";
		};
		A8EEB89E27F0C0CF003C3778 /* Preview Content */ = {
			isa = PBXGroup;
			children = (
				A8EEB89F27F0C0CF003C3778 /* Preview Assets.xcassets */,
			);
			path = "Preview Content";
			sourceTree = "<group>";
		};
		A8EEB8A627F0C13A003C3778 /* Model */ = {
			isa = PBXGroup;
			children = (
				A8EEB8A727F0C13A003C3778 /* StandModel.swift */,
				A8EEB8A827F0C13A003C3778 /* TreeModel.swift */,
			);
			path = Model;
			sourceTree = "<group>";
		};
		A8EEB8AB27F0C1C1003C3778 /* Services */ = {
			isa = PBXGroup;
			children = (
				A8EEB8AC27F0C1C1003C3778 /* API */,
			);
			path = Services;
			sourceTree = "<group>";
		};
		A8EEB8AC27F0C1C1003C3778 /* API */ = {
			isa = PBXGroup;
			children = (
				A8EEB8AD27F0C1C1003C3778 /* ApiDataService.swift */,
			);
			path = API;
			sourceTree = "<group>";
		};
		A8EEB8B327F0C1DD003C3778 /* Utils */ = {
			isa = PBXGroup;
			children = (
				A8EEB8B427F0C1DD003C3778 /* aliases.swift */,
				A8EEB8B527F0C1DD003C3778 /* NetworkingManager.swift */,
				A8EEB8B627F0C1DD003C3778 /* DateParser.swift */,
			);
			path = Utils;
			sourceTree = "<group>";
		};
		A8EEB8BA27F0C237003C3778 /* Views */ = {
			isa = PBXGroup;
			children = (
				A8EEB8BB27F0C284003C3778 /* styles */,
				A8EEB8BE27F0C566003C3778 /* shared */,
				A8EEB8C127F0C632003C3778 /* Stands */,
			);
			path = Views;
			sourceTree = "<group>";
		};
		A8EEB8BB27F0C284003C3778 /* styles */ = {
			isa = PBXGroup;
			children = (
				A8EEB8BC27F0C284003C3778 /* ButtonStyles.swift */,
			);
			path = styles;
			sourceTree = "<group>";
		};
		A8EEB8BE27F0C566003C3778 /* shared */ = {
			isa = PBXGroup;
			children = (
				A8EEB8BF27F0C566003C3778 /* DocumentPicker.swift */,
			);
			path = shared;
			sourceTree = "<group>";
		};
		A8EEB8C127F0C632003C3778 /* Stands */ = {
			isa = PBXGroup;
			children = (
				A8EEB8C727F0C68E003C3778 /* Details */,
				A8EEB8C227F0C641003C3778 /* List */,
			);
			path = Stands;
			sourceTree = "<group>";
		};
		A8EEB8C227F0C641003C3778 /* List */ = {
			isa = PBXGroup;
			children = (
				A8EEB8C327F0C641003C3778 /* StandListView.swift */,
				A8EEB8C427F0C641003C3778 /* StandListVM.swift */,
			);
			path = List;
			sourceTree = "<group>";
		};
		A8EEB8C727F0C68E003C3778 /* Details */ = {
			isa = PBXGroup;
			children = (
				A8EEB8CE27F0C9A3003C3778 /* Map */,
				A8EEB8C827F0C69D003C3778 /* StandMasterView.swift */,
				A8EEB8C927F0C69D003C3778 /* StandMasterVM.swift */,
			);
			path = Details;
			sourceTree = "<group>";
		};
		A8EEB8CE27F0C9A3003C3778 /* Map */ = {
			isa = PBXGroup;
			children = (
				A8EEB8CF27F0C9A3003C3778 /* StandMapVM.swift */,
				A8EEB8D027F0C9A3003C3778 /* StandMapView.swift */,
			);
			path = Map;
			sourceTree = "<group>";
		};
/* End PBXGroup section */

/* Begin PBXNativeTarget section */
		A8EEB89427F0C0CE003C3778 /* fix */ = {
			isa = PBXNativeTarget;
			buildConfigurationList = A8EEB8A327F0C0CF003C3778 /* Build configuration list for PBXNativeTarget "fix" */;
			buildPhases = (
				A8EEB89127F0C0CE003C3778 /* Sources */,
				A8EEB89227F0C0CE003C3778 /* Frameworks */,
				A8EEB89327F0C0CE003C3778 /* Resources */,
			);
			buildRules = (
			);
			dependencies = (
			);
			name = fix;
			productName = fix;
			productReference = A8EEB89527F0C0CE003C3778 /* fix.app */;
			productType = "com.apple.product-type.application";
		};
/* End PBXNativeTarget section */

/* Begin PBXProject section */
		A8EEB88D27F0C0CE003C3778 /* Project object */ = {
			isa = PBXProject;
			attributes = {
				BuildIndependentTargetsInParallel = 1;
				LastSwiftUpdateCheck = 1320;
				LastUpgradeCheck = 1320;
				TargetAttributes = {
					A8EEB89427F0C0CE003C3778 = {
						CreatedOnToolsVersion = 13.2.1;
					};
				};
			};
			buildConfigurationList = A8EEB89027F0C0CE003C3778 /* Build configuration list for PBXProject "fix" */;
			compatibilityVersion = "Xcode 13.0";
			developmentRegion = en;
			hasScannedForEncodings = 0;
			knownRegions = (
				en,
				Base,
			);
			mainGroup = A8EEB88C27F0C0CE003C3778;
			productRefGroup = A8EEB89627F0C0CE003C3778 /* Products */;
			projectDirPath = "";
			projectRoot = "";
			targets = (
				A8EEB89427F0C0CE003C3778 /* fix */,
			);
		};
/* End PBXProject section */

/* Begin PBXResourcesBuildPhase section */
		A8EEB89327F0C0CE003C3778 /* Resources */ = {
			isa = PBXResourcesBuildPhase;
			buildActionMask = 2147483647;
			files = (
				A8EEB8A027F0C0CF003C3778 /* Preview Assets.xcassets in Resources */,
				A8EEB89D27F0C0CF003C3778 /* Assets.xcassets in Resources */,
			);
			runOnlyForDeploymentPostprocessing = 0;
		};
/* End PBXResourcesBuildPhase section */

/* Begin PBXSourcesBuildPhase section */
		A8EEB89127F0C0CE003C3778 /* Sources */ = {
			isa = PBXSourcesBuildPhase;
			buildActionMask = 2147483647;
			files = (
				A8EEB8D127F0C9A3003C3778 /* StandMapVM.swift in Sources */,
				A8EEB8B727F0C1DD003C3778 /* aliases.swift in Sources */,
				A8EEB8C527F0C641003C3778 /* StandListView.swift in Sources */,
				A8EEB8D227F0C9A3003C3778 /* StandMapView.swift in Sources */,
				A8EEB8A927F0C13A003C3778 /* StandModel.swift in Sources */,
				A8EEB8B027F0C1C1003C3778 /* ApiDataService.swift in Sources */,
				A8EEB8CB27F0C69D003C3778 /* StandMasterVM.swift in Sources */,
				A8EEB8CA27F0C69D003C3778 /* StandMasterView.swift in Sources */,
				A8EEB8C627F0C641003C3778 /* StandListVM.swift in Sources */,
				A8EEB8BD27F0C284003C3778 /* ButtonStyles.swift in Sources */,
				A8EEB8CD27F0C785003C3778 /* TFEApp.swift in Sources */,
				A8EEB8B827F0C1DD003C3778 /* NetworkingManager.swift in Sources */,
				A8EEB8B927F0C1DD003C3778 /* DateParser.swift in Sources */,
				A8EEB8C027F0C566003C3778 /* DocumentPicker.swift in Sources */,
				A8EEB8AA27F0C13A003C3778 /* TreeModel.swift in Sources */,
			);
			runOnlyForDeploymentPostprocessing = 0;
		};
/* End PBXSourcesBuildPhase section */

/* Begin XCBuildConfiguration section */
		A8EEB8A127F0C0CF003C3778 /* Debug */ = {
			isa = XCBuildConfiguration;
			buildSettings = {
				ALWAYS_SEARCH_USER_PATHS = NO;
				CLANG_ANALYZER_NONNULL = YES;
				CLANG_ANALYZER_NUMBER_OBJECT_CONVERSION = YES_AGGRESSIVE;
				CLANG_CXX_LANGUAGE_STANDARD = "gnu++17";
				CLANG_CXX_LIBRARY = "libc++";
				CLANG_ENABLE_MODULES = YES;
				CLANG_ENABLE_OBJC_ARC = YES;
				CLANG_ENABLE_OBJC_WEAK = YES;
				CLANG_WARN_BLOCK_CAPTURE_AUTORELEASING = YES;
				CLANG_WARN_BOOL_CONVERSION = YES;
				CLANG_WARN_COMMA = YES;
				CLANG_WARN_CONSTANT_CONVERSION = YES;
				CLANG_WARN_DEPRECATED_OBJC_IMPLEMENTATIONS = YES;
				CLANG_WARN_DIRECT_OBJC_ISA_USAGE = YES_ERROR;
				CLANG_WARN_DOCUMENTATION_COMMENTS = YES;
				CLANG_WARN_EMPTY_BODY = YES;
				CLANG_WARN_ENUM_CONVERSION = YES;
				CLANG_WARN_INFINITE_RECURSION = YES;
				CLANG_WARN_INT_CONVERSION = YES;
				CLANG_WARN_NON_LITERAL_NULL_CONVERSION = YES;
				CLANG_WARN_OBJC_IMPLICIT_RETAIN_SELF = YES;
				CLANG_WARN_OBJC_LITERAL_CONVERSION = YES;
				CLANG_WARN_OBJC_ROOT_CLASS = YES_ERROR;
				CLANG_WARN_QUOTED_INCLUDE_IN_FRAMEWORK_HEADER = YES;
				CLANG_WARN_RANGE_LOOP_ANALYSIS = YES;
				CLANG_WARN_STRICT_PROTOTYPES = YES;
				CLANG_WARN_SUSPICIOUS_MOVE = YES;
				CLANG_WARN_UNGUARDED_AVAILABILITY = YES_AGGRESSIVE;
				CLANG_WARN_UNREACHABLE_CODE = YES;
				CLANG_WARN__DUPLICATE_METHOD_MATCH = YES;
				COPY_PHASE_STRIP = NO;
				DEBUG_INFORMATION_FORMAT = dwarf;
				ENABLE_STRICT_OBJC_MSGSEND = YES;
				ENABLE_TESTABILITY = YES;
				GCC_C_LANGUAGE_STANDARD = gnu11;
				GCC_DYNAMIC_NO_PIC = NO;
				GCC_NO_COMMON_BLOCKS = YES;
				GCC_OPTIMIZATION_LEVEL = 0;
				GCC_PREPROCESSOR_DEFINITIONS = (
					"DEBUG=1",
					"$(inherited)",
				);
				GCC_WARN_64_TO_32_BIT_CONVERSION = YES;
				GCC_WARN_ABOUT_RETURN_TYPE = YES_ERROR;
				GCC_WARN_UNDECLARED_SELECTOR = YES;
				GCC_WARN_UNINITIALIZED_AUTOS = YES_AGGRESSIVE;
				GCC_WARN_UNUSED_FUNCTION = YES;
				GCC_WARN_UNUSED_VARIABLE = YES;
				IPHONEOS_DEPLOYMENT_TARGET = 15.2;
				MTL_ENABLE_DEBUG_INFO = INCLUDE_SOURCE;
				MTL_FAST_MATH = YES;
				ONLY_ACTIVE_ARCH = YES;
				SDKROOT = iphoneos;
				SWIFT_ACTIVE_COMPILATION_CONDITIONS = DEBUG;
				SWIFT_OPTIMIZATION_LEVEL = "-Onone";
			};
			name = Debug;
		};
		A8EEB8A227F0C0CF003C3778 /* Release */ = {
			isa = XCBuildConfiguration;
			buildSettings = {
				ALWAYS_SEARCH_USER_PATHS = NO;
				CLANG_ANALYZER_NONNULL = YES;
				CLANG_ANALYZER_NUMBER_OBJECT_CONVERSION = YES_AGGRESSIVE;
				CLANG_CXX_LANGUAGE_STANDARD = "gnu++17";
				CLANG_CXX_LIBRARY = "libc++";
				CLANG_ENABLE_MODULES = YES;
				CLANG_ENABLE_OBJC_ARC = YES;
				CLANG_ENABLE_OBJC_WEAK = YES;
				CLANG_WARN_BLOCK_CAPTURE_AUTORELEASING = YES;
				CLANG_WARN_BOOL_CONVERSION = YES;
				CLANG_WARN_COMMA = YES;
				CLANG_WARN_CONSTANT_CONVERSION = YES;
				CLANG_WARN_DEPRECATED_OBJC_IMPLEMENTATIONS = YES;
				CLANG_WARN_DIRECT_OBJC_ISA_USAGE = YES_ERROR;
				CLANG_WARN_DOCUMENTATION_COMMENTS = YES;
				CLANG_WARN_EMPTY_BODY = YES;
				CLANG_WARN_ENUM_CONVERSION = YES;
				CLANG_WARN_INFINITE_RECURSION = YES;
				CLANG_WARN_INT_CONVERSION = YES;
				CLANG_WARN_NON_LITERAL_NULL_CONVERSION = YES;
				CLANG_WARN_OBJC_IMPLICIT_RETAIN_SELF = YES;
				CLANG_WARN_OBJC_LITERAL_CONVERSION = YES;
				CLANG_WARN_OBJC_ROOT_CLASS = YES_ERROR;
				CLANG_WARN_QUOTED_INCLUDE_IN_FRAMEWORK_HEADER = YES;
				CLANG_WARN_RANGE_LOOP_ANALYSIS = YES;
				CLANG_WARN_STRICT_PROTOTYPES = YES;
				CLANG_WARN_SUSPICIOUS_MOVE = YES;
				CLANG_WARN_UNGUARDED_AVAILABILITY = YES_AGGRESSIVE;
				CLANG_WARN_UNREACHABLE_CODE = YES;
				CLANG_WARN__DUPLICATE_METHOD_MATCH = YES;
				COPY_PHASE_STRIP = NO;
				DEBUG_INFORMATION_FORMAT = "dwarf-with-dsym";
				ENABLE_NS_ASSERTIONS = NO;
				ENABLE_STRICT_OBJC_MSGSEND = YES;
				GCC_C_LANGUAGE_STANDARD = gnu11;
				GCC_NO_COMMON_BLOCKS = YES;
				GCC_WARN_64_TO_32_BIT_CONVERSION = YES;
				GCC_WARN_ABOUT_RETURN_TYPE = YES_ERROR;
				GCC_WARN_UNDECLARED_SELECTOR = YES;
				GCC_WARN_UNINITIALIZED_AUTOS = YES_AGGRESSIVE;
				GCC_WARN_UNUSED_FUNCTION = YES;
				GCC_WARN_UNUSED_VARIABLE = YES;
				IPHONEOS_DEPLOYMENT_TARGET = 15.2;
				MTL_ENABLE_DEBUG_INFO = NO;
				MTL_FAST_MATH = YES;
				SDKROOT = iphoneos;
				SWIFT_COMPILATION_MODE = wholemodule;
				SWIFT_OPTIMIZATION_LEVEL = "-O";
				VALIDATE_PRODUCT = YES;
			};
			name = Release;
		};
		A8EEB8A427F0C0CF003C3778 /* Debug */ = {
			isa = XCBuildConfiguration;
			buildSettings = {
				ASSETCATALOG_COMPILER_APPICON_NAME = AppIcon;
				ASSETCATALOG_COMPILER_GLOBAL_ACCENT_COLOR_NAME = AccentColor;
				CODE_SIGN_STYLE = Automatic;
				CURRENT_PROJECT_VERSION = 1;
				DEVELOPMENT_ASSET_PATHS = "\"fix/Preview Content\"";
				ENABLE_PREVIEWS = YES;
				GENERATE_INFOPLIST_FILE = YES;
				INFOPLIST_KEY_UIApplicationSceneManifest_Generation = YES;
				INFOPLIST_KEY_UIApplicationSupportsIndirectInputEvents = YES;
				INFOPLIST_KEY_UILaunchScreen_Generation = YES;
				INFOPLIST_KEY_UISupportedInterfaceOrientations_iPad = "UIInterfaceOrientationPortrait UIInterfaceOrientationPortraitUpsideDown UIInterfaceOrientationLandscapeLeft UIInterfaceOrientationLandscapeRight";
				INFOPLIST_KEY_UISupportedInterfaceOrientations_iPhone = "UIInterfaceOrientationPortrait UIInterfaceOrientationLandscapeLeft UIInterfaceOrientationLandscapeRight";
				LD_RUNPATH_SEARCH_PATHS = (
					"$(inherited)",
					"@executable_path/Frameworks",
				);
				MARKETING_VERSION = 1.0;
				PRODUCT_BUNDLE_IDENTIFIER = be.uclouvain.student.fix;
				PRODUCT_NAME = "$(TARGET_NAME)";
				SWIFT_EMIT_LOC_STRINGS = YES;
				SWIFT_VERSION = 5.0;
				TARGETED_DEVICE_FAMILY = "1,2";
			};
			name = Debug;
		};
		A8EEB8A527F0C0CF003C3778 /* Release */ = {
			isa = XCBuildConfiguration;
			buildSettings = {
				ASSETCATALOG_COMPILER_APPICON_NAME = AppIcon;
				ASSETCATALOG_COMPILER_GLOBAL_ACCENT_COLOR_NAME = AccentColor;
				CODE_SIGN_STYLE = Automatic;
				CURRENT_PROJECT_VERSION = 1;
				DEVELOPMENT_ASSET_PATHS = "\"fix/Preview Content\"";
				ENABLE_PREVIEWS = YES;
				GENERATE_INFOPLIST_FILE = YES;
				INFOPLIST_KEY_UIApplicationSceneManifest_Generation = YES;
				INFOPLIST_KEY_UIApplicationSupportsIndirectInputEvents = YES;
				INFOPLIST_KEY_UILaunchScreen_Generation = YES;
				INFOPLIST_KEY_UISupportedInterfaceOrientations_iPad = "UIInterfaceOrientationPortrait UIInterfaceOrientationPortraitUpsideDown UIInterfaceOrientationLandscapeLeft UIInterfaceOrientationLandscapeRight";
				INFOPLIST_KEY_UISupportedInterfaceOrientations_iPhone = "UIInterfaceOrientationPortrait UIInterfaceOrientationLandscapeLeft UIInterfaceOrientationLandscapeRight";
				LD_RUNPATH_SEARCH_PATHS = (
					"$(inherited)",
					"@executable_path/Frameworks",
				);
				MARKETING_VERSION = 1.0;
				PRODUCT_BUNDLE_IDENTIFIER = be.uclouvain.student.fix;
				PRODUCT_NAME = "$(TARGET_NAME)";
				SWIFT_EMIT_LOC_STRINGS = YES;
				SWIFT_VERSION = 5.0;
				TARGETED_DEVICE_FAMILY = "1,2";
			};
			name = Release;
		};
/* End XCBuildConfiguration section */

/* Begin XCConfigurationList section */
		A8EEB89027F0C0CE003C3778 /* Build configuration list for PBXProject "fix" */ = {
			isa = XCConfigurationList;
			buildConfigurations = (
				A8EEB8A127F0C0CF003C3778 /* Debug */,
				A8EEB8A227F0C0CF003C3778 /* Release */,
			);
			defaultConfigurationIsVisible = 0;
			defaultConfigurationName = Release;
		};
		A8EEB8A327F0C0CF003C3778 /* Build configuration list for PBXNativeTarget "fix" */ = {
			isa = XCConfigurationList;
			buildConfigurations = (
				A8EEB8A427F0C0CF003C3778 /* Debug */,
				A8EEB8A527F0C0CF003C3778 /* Release */,
			);
			defaultConfigurationIsVisible = 0;
			defaultConfigurationName = Release;
		};
/* End XCConfigurationList section */
	};
	rootObject = A8EEB88D27F0C0CE003C3778 /* Project object */;
}
