// !$*UTF8*$!
{
	archiveVersion = 1;
	classes = {
	};
	objectVersion = 55;
	objects = {

/* Begin PBXBuildFile section */
		CE6E74A527B3F12C00E9B583 /* APIManager.swift in Sources */ = {isa = PBXBuildFile; fileRef = CE6E749F27B3F12C00E9B583 /* APIManager.swift */; };
		CE6E74A627B3F12C00E9B583 /* MockAPIManager.swift in Sources */ = {isa = PBXBuildFile; fileRef = CE6E74A027B3F12C00E9B583 /* MockAPIManager.swift */; };
		CE6E74A727B3F12C00E9B583 /* APIManaging.swift in Sources */ = {isa = PBXBuildFile; fileRef = CE6E74A127B3F12C00E9B583 /* APIManaging.swift */; };
		CE6E74A827B3F12C00E9B583 /* StandListView.swift in Sources */ = {isa = PBXBuildFile; fileRef = CE6E74A327B3F12C00E9B583 /* StandListView.swift */; };
		CE6E74AB27B3F4BA00E9B583 /* Stand.swift in Sources */ = {isa = PBXBuildFile; fileRef = CE6E74AA27B3F4BA00E9B583 /* Stand.swift */; };
		CE6E74AD27B3F9B800E9B583 /* JSON.swift in Sources */ = {isa = PBXBuildFile; fileRef = CE6E74AC27B3F9B800E9B583 /* JSON.swift */; };
		CE6E74AF27B40A8400E9B583 /* StandListViewModel.swift in Sources */ = {isa = PBXBuildFile; fileRef = CE6E74AE27B40A8400E9B583 /* StandListViewModel.swift */; };
		CEA422F427C6817900D7FAFB /* Tree.swift in Sources */ = {isa = PBXBuildFile; fileRef = CEA422F327C6817900D7FAFB /* Tree.swift */; };
		CEE8A39C27B3D3970098628D /* TFEApp.swift in Sources */ = {isa = PBXBuildFile; fileRef = CEE8A39B27B3D3970098628D /* TFEApp.swift */; };
		CEE8A3A027B3D39A0098628D /* Assets.xcassets in Resources */ = {isa = PBXBuildFile; fileRef = CEE8A39F27B3D39A0098628D /* Assets.xcassets */; };
		CEE8A3A327B3D39A0098628D /* Preview Assets.xcassets in Resources */ = {isa = PBXBuildFile; fileRef = CEE8A3A227B3D39A0098628D /* Preview Assets.xcassets */; };
		CEE8A3AD27B3D39B0098628D /* TFETests.swift in Sources */ = {isa = PBXBuildFile; fileRef = CEE8A3AC27B3D39B0098628D /* TFETests.swift */; };
		CEE8A3B727B3D39B0098628D /* TFEUITests.swift in Sources */ = {isa = PBXBuildFile; fileRef = CEE8A3B627B3D39B0098628D /* TFEUITests.swift */; };
		CEE8A3B927B3D39B0098628D /* TFEUITestsLaunchTests.swift in Sources */ = {isa = PBXBuildFile; fileRef = CEE8A3B827B3D39B0098628D /* TFEUITestsLaunchTests.swift */; };
		CEF5EAB427B564330040CDD6 /* Siesta in Frameworks */ = {isa = PBXBuildFile; productRef = CEF5EAB327B564330040CDD6 /* Siesta */; };
		CEF5EAB627B564330040CDD6 /* SiestaUI in Frameworks */ = {isa = PBXBuildFile; productRef = CEF5EAB527B564330040CDD6 /* SiestaUI */; };
		CEF5EAB927B56A990040CDD6 /* Swinject in Frameworks */ = {isa = PBXBuildFile; productRef = CEF5EAB827B56A990040CDD6 /* Swinject */; };
		CEF5EABF27B5747A0040CDD6 /* RxCocoa in Frameworks */ = {isa = PBXBuildFile; productRef = CEF5EABE27B5747A0040CDD6 /* RxCocoa */; };
		CEF5EAC127B5747A0040CDD6 /* RxSwift in Frameworks */ = {isa = PBXBuildFile; productRef = CEF5EAC027B5747A0040CDD6 /* RxSwift */; };
		CEF5EACD27C544BE0040CDD6 /* StandMapView.swift in Sources */ = {isa = PBXBuildFile; fileRef = CEF5EACC27C544BE0040CDD6 /* StandMapView.swift */; };
/* End PBXBuildFile section */

/* Begin PBXContainerItemProxy section */
		CEE8A3A927B3D39B0098628D /* PBXContainerItemProxy */ = {
			isa = PBXContainerItemProxy;
			containerPortal = CEE8A39027B3D3970098628D /* Project object */;
			proxyType = 1;
			remoteGlobalIDString = CEE8A39727B3D3970098628D;
			remoteInfo = TFE;
		};
		CEE8A3B327B3D39B0098628D /* PBXContainerItemProxy */ = {
			isa = PBXContainerItemProxy;
			containerPortal = CEE8A39027B3D3970098628D /* Project object */;
			proxyType = 1;
			remoteGlobalIDString = CEE8A39727B3D3970098628D;
			remoteInfo = TFE;
		};
/* End PBXContainerItemProxy section */

/* Begin PBXFileReference section */
		CE6E749F27B3F12C00E9B583 /* APIManager.swift */ = {isa = PBXFileReference; fileEncoding = 4; lastKnownFileType = sourcecode.swift; path = APIManager.swift; sourceTree = "<group>"; };
		CE6E74A027B3F12C00E9B583 /* MockAPIManager.swift */ = {isa = PBXFileReference; fileEncoding = 4; lastKnownFileType = sourcecode.swift; path = MockAPIManager.swift; sourceTree = "<group>"; };
		CE6E74A127B3F12C00E9B583 /* APIManaging.swift */ = {isa = PBXFileReference; fileEncoding = 4; lastKnownFileType = sourcecode.swift; path = APIManaging.swift; sourceTree = "<group>"; };
		CE6E74A327B3F12C00E9B583 /* StandListView.swift */ = {isa = PBXFileReference; fileEncoding = 4; lastKnownFileType = sourcecode.swift; path = StandListView.swift; sourceTree = "<group>"; };
		CE6E74AA27B3F4BA00E9B583 /* Stand.swift */ = {isa = PBXFileReference; fileEncoding = 4; lastKnownFileType = sourcecode.swift; path = Stand.swift; sourceTree = "<group>"; };
		CE6E74AC27B3F9B800E9B583 /* JSON.swift */ = {isa = PBXFileReference; lastKnownFileType = sourcecode.swift; path = JSON.swift; sourceTree = "<group>"; };
		CE6E74AE27B40A8400E9B583 /* StandListViewModel.swift */ = {isa = PBXFileReference; lastKnownFileType = sourcecode.swift; path = StandListViewModel.swift; sourceTree = "<group>"; };
		CEA422F327C6817900D7FAFB /* Tree.swift */ = {isa = PBXFileReference; lastKnownFileType = sourcecode.swift; path = Tree.swift; sourceTree = "<group>"; };
		CEE8A39827B3D3970098628D /* TFE.app */ = {isa = PBXFileReference; explicitFileType = wrapper.application; includeInIndex = 0; path = TFE.app; sourceTree = BUILT_PRODUCTS_DIR; };
		CEE8A39B27B3D3970098628D /* TFEApp.swift */ = {isa = PBXFileReference; lastKnownFileType = sourcecode.swift; path = TFEApp.swift; sourceTree = "<group>"; };
		CEE8A39F27B3D39A0098628D /* Assets.xcassets */ = {isa = PBXFileReference; lastKnownFileType = folder.assetcatalog; path = Assets.xcassets; sourceTree = "<group>"; };
		CEE8A3A227B3D39A0098628D /* Preview Assets.xcassets */ = {isa = PBXFileReference; lastKnownFileType = folder.assetcatalog; path = "Preview Assets.xcassets"; sourceTree = "<group>"; };
		CEE8A3A827B3D39B0098628D /* TFETests.xctest */ = {isa = PBXFileReference; explicitFileType = wrapper.cfbundle; includeInIndex = 0; path = TFETests.xctest; sourceTree = BUILT_PRODUCTS_DIR; };
		CEE8A3AC27B3D39B0098628D /* TFETests.swift */ = {isa = PBXFileReference; lastKnownFileType = sourcecode.swift; path = TFETests.swift; sourceTree = "<group>"; };
		CEE8A3B227B3D39B0098628D /* TFEUITests.xctest */ = {isa = PBXFileReference; explicitFileType = wrapper.cfbundle; includeInIndex = 0; path = TFEUITests.xctest; sourceTree = BUILT_PRODUCTS_DIR; };
		CEE8A3B627B3D39B0098628D /* TFEUITests.swift */ = {isa = PBXFileReference; lastKnownFileType = sourcecode.swift; path = TFEUITests.swift; sourceTree = "<group>"; };
		CEE8A3B827B3D39B0098628D /* TFEUITestsLaunchTests.swift */ = {isa = PBXFileReference; lastKnownFileType = sourcecode.swift; path = TFEUITestsLaunchTests.swift; sourceTree = "<group>"; };
		CEF5EACC27C544BE0040CDD6 /* StandMapView.swift */ = {isa = PBXFileReference; lastKnownFileType = sourcecode.swift; path = StandMapView.swift; sourceTree = "<group>"; };
/* End PBXFileReference section */

/* Begin PBXFrameworksBuildPhase section */
		CEE8A39527B3D3970098628D /* Frameworks */ = {
			isa = PBXFrameworksBuildPhase;
			buildActionMask = 2147483647;
			files = (
				CEF5EAB427B564330040CDD6 /* Siesta in Frameworks */,
				CEF5EAB627B564330040CDD6 /* SiestaUI in Frameworks */,
				CEF5EAC127B5747A0040CDD6 /* RxSwift in Frameworks */,
				CEF5EABF27B5747A0040CDD6 /* RxCocoa in Frameworks */,
				CEF5EAB927B56A990040CDD6 /* Swinject in Frameworks */,
			);
			runOnlyForDeploymentPostprocessing = 0;
		};
		CEE8A3A527B3D39B0098628D /* Frameworks */ = {
			isa = PBXFrameworksBuildPhase;
			buildActionMask = 2147483647;
			files = (
			);
			runOnlyForDeploymentPostprocessing = 0;
		};
		CEE8A3AF27B3D39B0098628D /* Frameworks */ = {
			isa = PBXFrameworksBuildPhase;
			buildActionMask = 2147483647;
			files = (
			);
			runOnlyForDeploymentPostprocessing = 0;
		};
/* End PBXFrameworksBuildPhase section */

/* Begin PBXGroup section */
		CE6E749D27B3F12C00E9B583 /* Utils */ = {
			isa = PBXGroup;
			children = (
				CE6E749E27B3F12C00E9B583 /* API */,
				CE6E74AC27B3F9B800E9B583 /* JSON.swift */,
			);
			path = Utils;
			sourceTree = "<group>";
		};
		CE6E749E27B3F12C00E9B583 /* API */ = {
			isa = PBXGroup;
			children = (
				CE6E749F27B3F12C00E9B583 /* APIManager.swift */,
				CE6E74A027B3F12C00E9B583 /* MockAPIManager.swift */,
				CE6E74A127B3F12C00E9B583 /* APIManaging.swift */,
			);
			path = API;
			sourceTree = "<group>";
		};
		CE6E74A227B3F12C00E9B583 /* View */ = {
			isa = PBXGroup;
			children = (
				CE6E74B027B40A8900E9B583 /* Stands */,
			);
			path = View;
			sourceTree = "<group>";
		};
		CE6E74A927B3F4BA00E9B583 /* Model */ = {
			isa = PBXGroup;
			children = (
				CE6E74AA27B3F4BA00E9B583 /* Stand.swift */,
				CEA422F327C6817900D7FAFB /* Tree.swift */,
			);
			path = Model;
			sourceTree = "<group>";
		};
		CE6E74B027B40A8900E9B583 /* Stands */ = {
			isa = PBXGroup;
			children = (
				CE6E74A327B3F12C00E9B583 /* StandListView.swift */,
				CE6E74AE27B40A8400E9B583 /* StandListViewModel.swift */,
				CEF5EACC27C544BE0040CDD6 /* StandMapView.swift */,
			);
			path = Stands;
			sourceTree = "<group>";
		};
		CEE8A38F27B3D3970098628D = {
			isa = PBXGroup;
			children = (
				CEE8A39A27B3D3970098628D /* TFE */,
				CEE8A3AB27B3D39B0098628D /* TFETests */,
				CEE8A3B527B3D39B0098628D /* TFEUITests */,
				CEE8A39927B3D3970098628D /* Products */,
			);
			sourceTree = "<group>";
		};
		CEE8A39927B3D3970098628D /* Products */ = {
			isa = PBXGroup;
			children = (
				CEE8A39827B3D3970098628D /* TFE.app */,
				CEE8A3A827B3D39B0098628D /* TFETests.xctest */,
				CEE8A3B227B3D39B0098628D /* TFEUITests.xctest */,
			);
			name = Products;
			sourceTree = "<group>";
		};
		CEE8A39A27B3D3970098628D /* TFE */ = {
			isa = PBXGroup;
			children = (
				CE6E74A927B3F4BA00E9B583 /* Model */,
				CE6E749D27B3F12C00E9B583 /* Utils */,
				CE6E74A227B3F12C00E9B583 /* View */,
				CEE8A39B27B3D3970098628D /* TFEApp.swift */,
				CEE8A39F27B3D39A0098628D /* Assets.xcassets */,
				CEE8A3A127B3D39A0098628D /* Preview Content */,
			);
			path = TFE;
			sourceTree = "<group>";
		};
		CEE8A3A127B3D39A0098628D /* Preview Content */ = {
			isa = PBXGroup;
			children = (
				CEE8A3A227B3D39A0098628D /* Preview Assets.xcassets */,
			);
			path = "Preview Content";
			sourceTree = "<group>";
		};
		CEE8A3AB27B3D39B0098628D /* TFETests */ = {
			isa = PBXGroup;
			children = (
				CEE8A3AC27B3D39B0098628D /* TFETests.swift */,
			);
			path = TFETests;
			sourceTree = "<group>";
		};
		CEE8A3B527B3D39B0098628D /* TFEUITests */ = {
			isa = PBXGroup;
			children = (
				CEE8A3B627B3D39B0098628D /* TFEUITests.swift */,
				CEE8A3B827B3D39B0098628D /* TFEUITestsLaunchTests.swift */,
			);
			path = TFEUITests;
			sourceTree = "<group>";
		};
/* End PBXGroup section */

/* Begin PBXNativeTarget section */
		CEE8A39727B3D3970098628D /* TFE */ = {
			isa = PBXNativeTarget;
			buildConfigurationList = CEE8A3BC27B3D39B0098628D /* Build configuration list for PBXNativeTarget "TFE" */;
			buildPhases = (
				CEE8A39427B3D3970098628D /* Sources */,
				CEE8A39527B3D3970098628D /* Frameworks */,
				CEE8A39627B3D3970098628D /* Resources */,
			);
			buildRules = (
			);
			dependencies = (
			);
			name = TFE;
			packageProductDependencies = (
				CEF5EAB327B564330040CDD6 /* Siesta */,
				CEF5EAB527B564330040CDD6 /* SiestaUI */,
				CEF5EAB827B56A990040CDD6 /* Swinject */,
				CEF5EABE27B5747A0040CDD6 /* RxCocoa */,
				CEF5EAC027B5747A0040CDD6 /* RxSwift */,
			);
			productName = TFE;
			productReference = CEE8A39827B3D3970098628D /* TFE.app */;
			productType = "com.apple.product-type.application";
		};
		CEE8A3A727B3D39B0098628D /* TFETests */ = {
			isa = PBXNativeTarget;
			buildConfigurationList = CEE8A3BF27B3D39B0098628D /* Build configuration list for PBXNativeTarget "TFETests" */;
			buildPhases = (
				CEE8A3A427B3D39B0098628D /* Sources */,
				CEE8A3A527B3D39B0098628D /* Frameworks */,
				CEE8A3A627B3D39B0098628D /* Resources */,
			);
			buildRules = (
			);
			dependencies = (
				CEE8A3AA27B3D39B0098628D /* PBXTargetDependency */,
			);
			name = TFETests;
			productName = TFETests;
			productReference = CEE8A3A827B3D39B0098628D /* TFETests.xctest */;
			productType = "com.apple.product-type.bundle.unit-test";
		};
		CEE8A3B127B3D39B0098628D /* TFEUITests */ = {
			isa = PBXNativeTarget;
			buildConfigurationList = CEE8A3C227B3D39B0098628D /* Build configuration list for PBXNativeTarget "TFEUITests" */;
			buildPhases = (
				CEE8A3AE27B3D39B0098628D /* Sources */,
				CEE8A3AF27B3D39B0098628D /* Frameworks */,
				CEE8A3B027B3D39B0098628D /* Resources */,
			);
			buildRules = (
			);
			dependencies = (
				CEE8A3B427B3D39B0098628D /* PBXTargetDependency */,
			);
			name = TFEUITests;
			productName = TFEUITests;
			productReference = CEE8A3B227B3D39B0098628D /* TFEUITests.xctest */;
			productType = "com.apple.product-type.bundle.ui-testing";
		};
/* End PBXNativeTarget section */

/* Begin PBXProject section */
		CEE8A39027B3D3970098628D /* Project object */ = {
			isa = PBXProject;
			attributes = {
				BuildIndependentTargetsInParallel = 1;
				LastSwiftUpdateCheck = 1320;
				LastUpgradeCheck = 1320;
				TargetAttributes = {
					CEE8A39727B3D3970098628D = {
						CreatedOnToolsVersion = 13.2.1;
					};
					CEE8A3A727B3D39B0098628D = {
						CreatedOnToolsVersion = 13.2.1;
						TestTargetID = CEE8A39727B3D3970098628D;
					};
					CEE8A3B127B3D39B0098628D = {
						CreatedOnToolsVersion = 13.2.1;
						TestTargetID = CEE8A39727B3D3970098628D;
					};
				};
			};
			buildConfigurationList = CEE8A39327B3D3970098628D /* Build configuration list for PBXProject "TFE" */;
			compatibilityVersion = "Xcode 13.0";
			developmentRegion = en;
			hasScannedForEncodings = 0;
			knownRegions = (
				en,
				Base,
			);
			mainGroup = CEE8A38F27B3D3970098628D;
			packageReferences = (
				CEF5EAB227B564330040CDD6 /* XCRemoteSwiftPackageReference "siesta" */,
				CEF5EAB727B56A990040CDD6 /* XCRemoteSwiftPackageReference "Swinject" */,
				CEF5EABD27B5747A0040CDD6 /* XCRemoteSwiftPackageReference "RxSwift" */,
			);
			productRefGroup = CEE8A39927B3D3970098628D /* Products */;
			projectDirPath = "";
			projectRoot = "";
			targets = (
				CEE8A39727B3D3970098628D /* TFE */,
				CEE8A3A727B3D39B0098628D /* TFETests */,
				CEE8A3B127B3D39B0098628D /* TFEUITests */,
			);
		};
/* End PBXProject section */

/* Begin PBXResourcesBuildPhase section */
		CEE8A39627B3D3970098628D /* Resources */ = {
			isa = PBXResourcesBuildPhase;
			buildActionMask = 2147483647;
			files = (
				CEE8A3A327B3D39A0098628D /* Preview Assets.xcassets in Resources */,
				CEE8A3A027B3D39A0098628D /* Assets.xcassets in Resources */,
			);
			runOnlyForDeploymentPostprocessing = 0;
		};
		CEE8A3A627B3D39B0098628D /* Resources */ = {
			isa = PBXResourcesBuildPhase;
			buildActionMask = 2147483647;
			files = (
			);
			runOnlyForDeploymentPostprocessing = 0;
		};
		CEE8A3B027B3D39B0098628D /* Resources */ = {
			isa = PBXResourcesBuildPhase;
			buildActionMask = 2147483647;
			files = (
			);
			runOnlyForDeploymentPostprocessing = 0;
		};
/* End PBXResourcesBuildPhase section */

/* Begin PBXSourcesBuildPhase section */
		CEE8A39427B3D3970098628D /* Sources */ = {
			isa = PBXSourcesBuildPhase;
			buildActionMask = 2147483647;
			files = (
				CE6E74A527B3F12C00E9B583 /* APIManager.swift in Sources */,
				CE6E74A627B3F12C00E9B583 /* MockAPIManager.swift in Sources */,
				CEE8A39C27B3D3970098628D /* TFEApp.swift in Sources */,
				CEF5EACD27C544BE0040CDD6 /* StandMapView.swift in Sources */,
				CE6E74AF27B40A8400E9B583 /* StandListViewModel.swift in Sources */,
				CEA422F427C6817900D7FAFB /* Tree.swift in Sources */,
				CE6E74AB27B3F4BA00E9B583 /* Stand.swift in Sources */,
				CE6E74A727B3F12C00E9B583 /* APIManaging.swift in Sources */,
				CE6E74A827B3F12C00E9B583 /* StandListView.swift in Sources */,
				CE6E74AD27B3F9B800E9B583 /* JSON.swift in Sources */,
			);
			runOnlyForDeploymentPostprocessing = 0;
		};
		CEE8A3A427B3D39B0098628D /* Sources */ = {
			isa = PBXSourcesBuildPhase;
			buildActionMask = 2147483647;
			files = (
				CEE8A3AD27B3D39B0098628D /* TFETests.swift in Sources */,
			);
			runOnlyForDeploymentPostprocessing = 0;
		};
		CEE8A3AE27B3D39B0098628D /* Sources */ = {
			isa = PBXSourcesBuildPhase;
			buildActionMask = 2147483647;
			files = (
				CEE8A3B927B3D39B0098628D /* TFEUITestsLaunchTests.swift in Sources */,
				CEE8A3B727B3D39B0098628D /* TFEUITests.swift in Sources */,
			);
			runOnlyForDeploymentPostprocessing = 0;
		};
/* End PBXSourcesBuildPhase section */

/* Begin PBXTargetDependency section */
		CEE8A3AA27B3D39B0098628D /* PBXTargetDependency */ = {
			isa = PBXTargetDependency;
			target = CEE8A39727B3D3970098628D /* TFE */;
			targetProxy = CEE8A3A927B3D39B0098628D /* PBXContainerItemProxy */;
		};
		CEE8A3B427B3D39B0098628D /* PBXTargetDependency */ = {
			isa = PBXTargetDependency;
			target = CEE8A39727B3D3970098628D /* TFE */;
			targetProxy = CEE8A3B327B3D39B0098628D /* PBXContainerItemProxy */;
		};
/* End PBXTargetDependency section */

/* Begin XCBuildConfiguration section */
		CEE8A3BA27B3D39B0098628D /* Debug */ = {
			isa = XCBuildConfiguration;
			buildSettings = {
				ALWAYS_SEARCH_USER_PATHS = NO;
				CLANG_ANALYZER_NONNULL = YES;
				CLANG_ANALYZER_NUMBER_OBJECT_CONVERSION = YES_AGGRESSIVE;
				CLANG_CXX_LANGUAGE_STANDARD = "gnu++17";
				CLANG_CXX_LIBRARY = "libc++";
				CLANG_ENABLE_MODULES = YES;
				CLANG_ENABLE_OBJC_ARC = YES;
				CLANG_ENABLE_OBJC_WEAK = YES;
				CLANG_WARN_BLOCK_CAPTURE_AUTORELEASING = YES;
				CLANG_WARN_BOOL_CONVERSION = YES;
				CLANG_WARN_COMMA = YES;
				CLANG_WARN_CONSTANT_CONVERSION = YES;
				CLANG_WARN_DEPRECATED_OBJC_IMPLEMENTATIONS = YES;
				CLANG_WARN_DIRECT_OBJC_ISA_USAGE = YES_ERROR;
				CLANG_WARN_DOCUMENTATION_COMMENTS = YES;
				CLANG_WARN_EMPTY_BODY = YES;
				CLANG_WARN_ENUM_CONVERSION = YES;
				CLANG_WARN_INFINITE_RECURSION = YES;
				CLANG_WARN_INT_CONVERSION = YES;
				CLANG_WARN_NON_LITERAL_NULL_CONVERSION = YES;
				CLANG_WARN_OBJC_IMPLICIT_RETAIN_SELF = YES;
				CLANG_WARN_OBJC_LITERAL_CONVERSION = YES;
				CLANG_WARN_OBJC_ROOT_CLASS = YES_ERROR;
				CLANG_WARN_QUOTED_INCLUDE_IN_FRAMEWORK_HEADER = YES;
				CLANG_WARN_RANGE_LOOP_ANALYSIS = YES;
				CLANG_WARN_STRICT_PROTOTYPES = YES;
				CLANG_WARN_SUSPICIOUS_MOVE = YES;
				CLANG_WARN_UNGUARDED_AVAILABILITY = YES_AGGRESSIVE;
				CLANG_WARN_UNREACHABLE_CODE = YES;
				CLANG_WARN__DUPLICATE_METHOD_MATCH = YES;
				COPY_PHASE_STRIP = NO;
				DEBUG_INFORMATION_FORMAT = dwarf;
				ENABLE_STRICT_OBJC_MSGSEND = YES;
				ENABLE_TESTABILITY = YES;
				GCC_C_LANGUAGE_STANDARD = gnu11;
				GCC_DYNAMIC_NO_PIC = NO;
				GCC_NO_COMMON_BLOCKS = YES;
				GCC_OPTIMIZATION_LEVEL = 0;
				GCC_PREPROCESSOR_DEFINITIONS = (
					"DEBUG=1",
					"$(inherited)",
				);
				GCC_WARN_64_TO_32_BIT_CONVERSION = YES;
				GCC_WARN_ABOUT_RETURN_TYPE = YES_ERROR;
				GCC_WARN_UNDECLARED_SELECTOR = YES;
				GCC_WARN_UNINITIALIZED_AUTOS = YES_AGGRESSIVE;
				GCC_WARN_UNUSED_FUNCTION = YES;
				GCC_WARN_UNUSED_VARIABLE = YES;
				IPHONEOS_DEPLOYMENT_TARGET = 15.2;
				MTL_ENABLE_DEBUG_INFO = INCLUDE_SOURCE;
				MTL_FAST_MATH = YES;
				ONLY_ACTIVE_ARCH = YES;
				SDKROOT = iphoneos;
				SWIFT_ACTIVE_COMPILATION_CONDITIONS = DEBUG;
				SWIFT_OPTIMIZATION_LEVEL = "-Onone";
			};
			name = Debug;
		};
		CEE8A3BB27B3D39B0098628D /* Release */ = {
			isa = XCBuildConfiguration;
			buildSettings = {
				ALWAYS_SEARCH_USER_PATHS = NO;
				CLANG_ANALYZER_NONNULL = YES;
				CLANG_ANALYZER_NUMBER_OBJECT_CONVERSION = YES_AGGRESSIVE;
				CLANG_CXX_LANGUAGE_STANDARD = "gnu++17";
				CLANG_CXX_LIBRARY = "libc++";
				CLANG_ENABLE_MODULES = YES;
				CLANG_ENABLE_OBJC_ARC = YES;
				CLANG_ENABLE_OBJC_WEAK = YES;
				CLANG_WARN_BLOCK_CAPTURE_AUTORELEASING = YES;
				CLANG_WARN_BOOL_CONVERSION = YES;
				CLANG_WARN_COMMA = YES;
				CLANG_WARN_CONSTANT_CONVERSION = YES;
				CLANG_WARN_DEPRECATED_OBJC_IMPLEMENTATIONS = YES;
				CLANG_WARN_DIRECT_OBJC_ISA_USAGE = YES_ERROR;
				CLANG_WARN_DOCUMENTATION_COMMENTS = YES;
				CLANG_WARN_EMPTY_BODY = YES;
				CLANG_WARN_ENUM_CONVERSION = YES;
				CLANG_WARN_INFINITE_RECURSION = YES;
				CLANG_WARN_INT_CONVERSION = YES;
				CLANG_WARN_NON_LITERAL_NULL_CONVERSION = YES;
				CLANG_WARN_OBJC_IMPLICIT_RETAIN_SELF = YES;
				CLANG_WARN_OBJC_LITERAL_CONVERSION = YES;
				CLANG_WARN_OBJC_ROOT_CLASS = YES_ERROR;
				CLANG_WARN_QUOTED_INCLUDE_IN_FRAMEWORK_HEADER = YES;
				CLANG_WARN_RANGE_LOOP_ANALYSIS = YES;
				CLANG_WARN_STRICT_PROTOTYPES = YES;
				CLANG_WARN_SUSPICIOUS_MOVE = YES;
				CLANG_WARN_UNGUARDED_AVAILABILITY = YES_AGGRESSIVE;
				CLANG_WARN_UNREACHABLE_CODE = YES;
				CLANG_WARN__DUPLICATE_METHOD_MATCH = YES;
				COPY_PHASE_STRIP = NO;
				DEBUG_INFORMATION_FORMAT = "dwarf-with-dsym";
				ENABLE_NS_ASSERTIONS = NO;
				ENABLE_STRICT_OBJC_MSGSEND = YES;
				GCC_C_LANGUAGE_STANDARD = gnu11;
				GCC_NO_COMMON_BLOCKS = YES;
				GCC_WARN_64_TO_32_BIT_CONVERSION = YES;
				GCC_WARN_ABOUT_RETURN_TYPE = YES_ERROR;
				GCC_WARN_UNDECLARED_SELECTOR = YES;
				GCC_WARN_UNINITIALIZED_AUTOS = YES_AGGRESSIVE;
				GCC_WARN_UNUSED_FUNCTION = YES;
				GCC_WARN_UNUSED_VARIABLE = YES;
				IPHONEOS_DEPLOYMENT_TARGET = 15.2;
				MTL_ENABLE_DEBUG_INFO = NO;
				MTL_FAST_MATH = YES;
				SDKROOT = iphoneos;
				SWIFT_COMPILATION_MODE = wholemodule;
				SWIFT_OPTIMIZATION_LEVEL = "-O";
				VALIDATE_PRODUCT = YES;
			};
			name = Release;
		};
		CEE8A3BD27B3D39B0098628D /* Debug */ = {
			isa = XCBuildConfiguration;
			buildSettings = {
				ASSETCATALOG_COMPILER_APPICON_NAME = AppIcon;
				ASSETCATALOG_COMPILER_GLOBAL_ACCENT_COLOR_NAME = AccentColor;
				CODE_SIGN_STYLE = Automatic;
				CURRENT_PROJECT_VERSION = 1;
				DEVELOPMENT_ASSET_PATHS = "\"TFE/Preview Content\"";
				ENABLE_PREVIEWS = YES;
				GENERATE_INFOPLIST_FILE = YES;
				INFOPLIST_KEY_UIApplicationSceneManifest_Generation = YES;
				INFOPLIST_KEY_UIApplicationSupportsIndirectInputEvents = YES;
				INFOPLIST_KEY_UILaunchScreen_Generation = YES;
				INFOPLIST_KEY_UISupportedInterfaceOrientations_iPad = "UIInterfaceOrientationPortrait UIInterfaceOrientationPortraitUpsideDown UIInterfaceOrientationLandscapeLeft UIInterfaceOrientationLandscapeRight";
				INFOPLIST_KEY_UISupportedInterfaceOrientations_iPhone = "UIInterfaceOrientationPortrait UIInterfaceOrientationLandscapeLeft UIInterfaceOrientationLandscapeRight";
				LD_RUNPATH_SEARCH_PATHS = (
					"$(inherited)",
					"@executable_path/Frameworks",
				);
				MARKETING_VERSION = 1.0;
				PRODUCT_BUNDLE_IDENTIFIER = "dev.castel-dhoedtm.TFE";
				PRODUCT_NAME = "$(TARGET_NAME)";
				SWIFT_EMIT_LOC_STRINGS = YES;
				SWIFT_VERSION = 5.0;
				TARGETED_DEVICE_FAMILY = "1,2";
			};
			name = Debug;
		};
		CEE8A3BE27B3D39B0098628D /* Release */ = {
			isa = XCBuildConfiguration;
			buildSettings = {
				ASSETCATALOG_COMPILER_APPICON_NAME = AppIcon;
				ASSETCATALOG_COMPILER_GLOBAL_ACCENT_COLOR_NAME = AccentColor;
				CODE_SIGN_STYLE = Automatic;
				CURRENT_PROJECT_VERSION = 1;
				DEVELOPMENT_ASSET_PATHS = "\"TFE/Preview Content\"";
				ENABLE_PREVIEWS = YES;
				GENERATE_INFOPLIST_FILE = YES;
				INFOPLIST_KEY_UIApplicationSceneManifest_Generation = YES;
				INFOPLIST_KEY_UIApplicationSupportsIndirectInputEvents = YES;
				INFOPLIST_KEY_UILaunchScreen_Generation = YES;
				INFOPLIST_KEY_UISupportedInterfaceOrientations_iPad = "UIInterfaceOrientationPortrait UIInterfaceOrientationPortraitUpsideDown UIInterfaceOrientationLandscapeLeft UIInterfaceOrientationLandscapeRight";
				INFOPLIST_KEY_UISupportedInterfaceOrientations_iPhone = "UIInterfaceOrientationPortrait UIInterfaceOrientationLandscapeLeft UIInterfaceOrientationLandscapeRight";
				LD_RUNPATH_SEARCH_PATHS = (
					"$(inherited)",
					"@executable_path/Frameworks",
				);
				MARKETING_VERSION = 1.0;
				PRODUCT_BUNDLE_IDENTIFIER = "dev.castel-dhoedtm.TFE";
				PRODUCT_NAME = "$(TARGET_NAME)";
				SWIFT_EMIT_LOC_STRINGS = YES;
				SWIFT_VERSION = 5.0;
				TARGETED_DEVICE_FAMILY = "1,2";
			};
			name = Release;
		};
		CEE8A3C027B3D39B0098628D /* Debug */ = {
			isa = XCBuildConfiguration;
			buildSettings = {
				ALWAYS_EMBED_SWIFT_STANDARD_LIBRARIES = YES;
				BUNDLE_LOADER = "$(TEST_HOST)";
				CODE_SIGN_STYLE = Automatic;
				CURRENT_PROJECT_VERSION = 1;
				GENERATE_INFOPLIST_FILE = YES;
				IPHONEOS_DEPLOYMENT_TARGET = 15.2;
				MARKETING_VERSION = 1.0;
				PRODUCT_BUNDLE_IDENTIFIER = "dev.castel-dhoedtm.TFETests";
				PRODUCT_NAME = "$(TARGET_NAME)";
				SWIFT_EMIT_LOC_STRINGS = NO;
				SWIFT_VERSION = 5.0;
				TARGETED_DEVICE_FAMILY = "1,2";
				TEST_HOST = "$(BUILT_PRODUCTS_DIR)/TFE.app/TFE";
			};
			name = Debug;
		};
		CEE8A3C127B3D39B0098628D /* Release */ = {
			isa = XCBuildConfiguration;
			buildSettings = {
				ALWAYS_EMBED_SWIFT_STANDARD_LIBRARIES = YES;
				BUNDLE_LOADER = "$(TEST_HOST)";
				CODE_SIGN_STYLE = Automatic;
				CURRENT_PROJECT_VERSION = 1;
				GENERATE_INFOPLIST_FILE = YES;
				IPHONEOS_DEPLOYMENT_TARGET = 15.2;
				MARKETING_VERSION = 1.0;
				PRODUCT_BUNDLE_IDENTIFIER = "dev.castel-dhoedtm.TFETests";
				PRODUCT_NAME = "$(TARGET_NAME)";
				SWIFT_EMIT_LOC_STRINGS = NO;
				SWIFT_VERSION = 5.0;
				TARGETED_DEVICE_FAMILY = "1,2";
				TEST_HOST = "$(BUILT_PRODUCTS_DIR)/TFE.app/TFE";
			};
			name = Release;
		};
		CEE8A3C327B3D39B0098628D /* Debug */ = {
			isa = XCBuildConfiguration;
			buildSettings = {
				ALWAYS_EMBED_SWIFT_STANDARD_LIBRARIES = YES;
				CODE_SIGN_STYLE = Automatic;
				CURRENT_PROJECT_VERSION = 1;
				GENERATE_INFOPLIST_FILE = YES;
				MARKETING_VERSION = 1.0;
				PRODUCT_BUNDLE_IDENTIFIER = "dev.castel-dhoedtm.TFEUITests";
				PRODUCT_NAME = "$(TARGET_NAME)";
				SWIFT_EMIT_LOC_STRINGS = NO;
				SWIFT_VERSION = 5.0;
				TARGETED_DEVICE_FAMILY = "1,2";
				TEST_TARGET_NAME = TFE;
			};
			name = Debug;
		};
		CEE8A3C427B3D39B0098628D /* Release */ = {
			isa = XCBuildConfiguration;
			buildSettings = {
				ALWAYS_EMBED_SWIFT_STANDARD_LIBRARIES = YES;
				CODE_SIGN_STYLE = Automatic;
				CURRENT_PROJECT_VERSION = 1;
				GENERATE_INFOPLIST_FILE = YES;
				MARKETING_VERSION = 1.0;
				PRODUCT_BUNDLE_IDENTIFIER = "dev.castel-dhoedtm.TFEUITests";
				PRODUCT_NAME = "$(TARGET_NAME)";
				SWIFT_EMIT_LOC_STRINGS = NO;
				SWIFT_VERSION = 5.0;
				TARGETED_DEVICE_FAMILY = "1,2";
				TEST_TARGET_NAME = TFE;
			};
			name = Release;
		};
/* End XCBuildConfiguration section */

/* Begin XCConfigurationList section */
		CEE8A39327B3D3970098628D /* Build configuration list for PBXProject "TFE" */ = {
			isa = XCConfigurationList;
			buildConfigurations = (
				CEE8A3BA27B3D39B0098628D /* Debug */,
				CEE8A3BB27B3D39B0098628D /* Release */,
			);
			defaultConfigurationIsVisible = 0;
			defaultConfigurationName = Release;
		};
		CEE8A3BC27B3D39B0098628D /* Build configuration list for PBXNativeTarget "TFE" */ = {
			isa = XCConfigurationList;
			buildConfigurations = (
				CEE8A3BD27B3D39B0098628D /* Debug */,
				CEE8A3BE27B3D39B0098628D /* Release */,
			);
			defaultConfigurationIsVisible = 0;
			defaultConfigurationName = Release;
		};
		CEE8A3BF27B3D39B0098628D /* Build configuration list for PBXNativeTarget "TFETests" */ = {
			isa = XCConfigurationList;
			buildConfigurations = (
				CEE8A3C027B3D39B0098628D /* Debug */,
				CEE8A3C127B3D39B0098628D /* Release */,
			);
			defaultConfigurationIsVisible = 0;
			defaultConfigurationName = Release;
		};
		CEE8A3C227B3D39B0098628D /* Build configuration list for PBXNativeTarget "TFEUITests" */ = {
			isa = XCConfigurationList;
			buildConfigurations = (
				CEE8A3C327B3D39B0098628D /* Debug */,
				CEE8A3C427B3D39B0098628D /* Release */,
			);
			defaultConfigurationIsVisible = 0;
			defaultConfigurationName = Release;
		};
/* End XCConfigurationList section */

/* Begin XCRemoteSwiftPackageReference section */
		CEF5EAB227B564330040CDD6 /* XCRemoteSwiftPackageReference "siesta" */ = {
			isa = XCRemoteSwiftPackageReference;
			repositoryURL = "https://github.com/bustoutsolutions/siesta";
			requirement = {
				branch = main;
				kind = branch;
			};
		};
		CEF5EAB727B56A990040CDD6 /* XCRemoteSwiftPackageReference "Swinject" */ = {
			isa = XCRemoteSwiftPackageReference;
			repositoryURL = "https://github.com/Swinject/Swinject";
			requirement = {
				kind = upToNextMajorVersion;
				minimumVersion = 2.0.0;
			};
		};
		CEF5EABD27B5747A0040CDD6 /* XCRemoteSwiftPackageReference "RxSwift" */ = {
			isa = XCRemoteSwiftPackageReference;
			repositoryURL = "https://github.com/ReactiveX/RxSwift";
			requirement = {
				branch = main;
				kind = branch;
			};
		};
/* End XCRemoteSwiftPackageReference section */

/* Begin XCSwiftPackageProductDependency section */
		CEF5EAB327B564330040CDD6 /* Siesta */ = {
			isa = XCSwiftPackageProductDependency;
			package = CEF5EAB227B564330040CDD6 /* XCRemoteSwiftPackageReference "siesta" */;
			productName = Siesta;
		};
		CEF5EAB527B564330040CDD6 /* SiestaUI */ = {
			isa = XCSwiftPackageProductDependency;
			package = CEF5EAB227B564330040CDD6 /* XCRemoteSwiftPackageReference "siesta" */;
			productName = SiestaUI;
		};
		CEF5EAB827B56A990040CDD6 /* Swinject */ = {
			isa = XCSwiftPackageProductDependency;
			package = CEF5EAB727B56A990040CDD6 /* XCRemoteSwiftPackageReference "Swinject" */;
			productName = Swinject;
		};
		CEF5EABE27B5747A0040CDD6 /* RxCocoa */ = {
			isa = XCSwiftPackageProductDependency;
			package = CEF5EABD27B5747A0040CDD6 /* XCRemoteSwiftPackageReference "RxSwift" */;
			productName = RxCocoa;
		};
		CEF5EAC027B5747A0040CDD6 /* RxSwift */ = {
			isa = XCSwiftPackageProductDependency;
			package = CEF5EABD27B5747A0040CDD6 /* XCRemoteSwiftPackageReference "RxSwift" */;
			productName = RxSwift;
		};
/* End XCSwiftPackageProductDependency section */
	};
	rootObject = CEE8A39027B3D3970098628D /* Project object */;
}
